
Microsoft Visual Studio Solution File, Format Version 12.00
# Visual Studio Version 16
VisualStudioVersion = 16.0.31019.35
MinimumVisualStudioVersion = 10.0.40219.1
Project("{9A19103F-16F7-4668-BE54-9A1E7A4F7556}") = "DataAccessLayer", "DataAccessLayer\DataAccessLayer.csproj", "{EF426EC5-D7CC-4EC9-8B58-012100B14F22}"
EndProject
Project("{9A19103F-16F7-4668-BE54-9A1E7A4F7556}") = "EntitiesLayer", "EntitiesLayer\EntitiesLayer.csproj", "{5CF47FC2-2161-4541-9A5D-05E8F44A6685}"
EndProject
Project("{9A19103F-16F7-4668-BE54-9A1E7A4F7556}") = "BusinessLayer", "BusinessLayer\BusinessLayer.csproj", "{1C2AD082-AE94-4905-AC74-63E250D189E5}"
EndProject
Project("{9A19103F-16F7-4668-BE54-9A1E7A4F7556}") = "ConsoleUI", "ConsoleUI\ConsoleUI.csproj", "{25142F4C-C9DD-4AFC-A64B-6971D6746723}"
EndProject
Project("{FAE04EC0-301F-11D3-BF4B-00C04F79EFBC}") = "CoreLayer", "CoreLayer\CoreLayer.csproj", "{B15E4F3E-7173-407D-A962-107686CAAF7F}"
EndProject
Global
	GlobalSection(SolutionConfigurationPlatforms) = preSolution
		Debug|Any CPU = Debug|Any CPU
		Release|Any CPU = Release|Any CPU
	EndGlobalSection
	GlobalSection(ProjectConfigurationPlatforms) = postSolution
		{EF426EC5-D7CC-4EC9-8B58-012100B14F22}.Debug|Any CPU.ActiveCfg = Debug|Any CPU
		{EF426EC5-D7CC-4EC9-8B58-012100B14F22}.Debug|Any CPU.Build.0 = Debug|Any CPU
		{EF426EC5-D7CC-4EC9-8B58-012100B14F22}.Release|Any CPU.ActiveCfg = Release|Any CPU
		{EF426EC5-D7CC-4EC9-8B58-012100B14F22}.Release|Any CPU.Build.0 = Release|Any CPU
		{5CF47FC2-2161-4541-9A5D-05E8F44A6685}.Debug|Any CPU.ActiveCfg = Debug|Any CPU
		{5CF47FC2-2161-4541-9A5D-05E8F44A6685}.Debug|Any CPU.Build.0 = Debug|Any CPU
		{5CF47FC2-2161-4541-9A5D-05E8F44A6685}.Release|Any CPU.ActiveCfg = Release|Any CPU
		{5CF47FC2-2161-4541-9A5D-05E8F44A6685}.Release|Any CPU.Build.0 = Release|Any CPU
		{1C2AD082-AE94-4905-AC74-63E250D189E5}.Debug|Any CPU.ActiveCfg = Debug|Any CPU
		{1C2AD082-AE94-4905-AC74-63E250D189E5}.Debug|Any CPU.Build.0 = Debug|Any CPU
		{1C2AD082-AE94-4905-AC74-63E250D189E5}.Release|Any CPU.ActiveCfg = Release|Any CPU
		{1C2AD082-AE94-4905-AC74-63E250D189E5}.Release|Any CPU.Build.0 = Release|Any CPU
		{25142F4C-C9DD-4AFC-A64B-6971D6746723}.Debug|Any CPU.ActiveCfg = Debug|Any CPU
		{25142F4C-C9DD-4AFC-A64B-6971D6746723}.Debug|Any CPU.Build.0 = Debug|Any CPU
		{25142F4C-C9DD-4AFC-A64B-6971D6746723}.Release|Any CPU.ActiveCfg = Release|Any CPU
		{25142F4C-C9DD-4AFC-A64B-6971D6746723}.Release|Any CPU.Build.0 = Release|Any CPU
		{B15E4F3E-7173-407D-A962-107686CAAF7F}.Debug|Any CPU.ActiveCfg = Debug|Any CPU
		{B15E4F3E-7173-407D-A962-107686CAAF7F}.Debug|Any CPU.Build.0 = Debug|Any CPU
		{B15E4F3E-7173-407D-A962-107686CAAF7F}.Release|Any CPU.ActiveCfg = Release|Any CPU
		{B15E4F3E-7173-407D-A962-107686CAAF7F}.Release|Any CPU.Build.0 = Release|Any CPU
	EndGlobalSection
	GlobalSection(SolutionProperties) = preSolution
		HideSolutionNode = FALSE
	EndGlobalSection
	GlobalSection(ExtensibilityGlobals) = postSolution
		SolutionGuid = {6984A567-ECE4-46B0-9E1B-43947401B500}
	EndGlobalSection
EndGlobal
